// !$*UTF8*$!
{
	archiveVersion = 1;
	classes = {
	};
	objectVersion = 46;
	objects = {

/* Begin PBXBuildFile section */
		A145CB3919E7D7D600BAEFDD /* Reachability.m in Sources */ = {isa = PBXBuildFile; fileRef = A145CB3819E7D7D600BAEFDD /* Reachability.m */; };
		A164429519D68FCB00AC2176 /* Foundation.framework in Frameworks */ = {isa = PBXBuildFile; fileRef = A164429419D68FCB00AC2176 /* Foundation.framework */; };
		A164429719D68FCB00AC2176 /* CoreGraphics.framework in Frameworks */ = {isa = PBXBuildFile; fileRef = A164429619D68FCB00AC2176 /* CoreGraphics.framework */; };
		A164429919D68FCB00AC2176 /* UIKit.framework in Frameworks */ = {isa = PBXBuildFile; fileRef = A164429819D68FCB00AC2176 /* UIKit.framework */; };
		A164429F19D68FCB00AC2176 /* InfoPlist.strings in Resources */ = {isa = PBXBuildFile; fileRef = A164429D19D68FCB00AC2176 /* InfoPlist.strings */; };
		A16442A119D68FCB00AC2176 /* main.m in Sources */ = {isa = PBXBuildFile; fileRef = A16442A019D68FCB00AC2176 /* main.m */; };
		A16442A519D68FCB00AC2176 /* QBaseAppDelegate.m in Sources */ = {isa = PBXBuildFile; fileRef = A16442A419D68FCB00AC2176 /* QBaseAppDelegate.m */; };
		A16442A719D68FCB00AC2176 /* Images.xcassets in Resources */ = {isa = PBXBuildFile; fileRef = A16442A619D68FCB00AC2176 /* Images.xcassets */; };
		A16442AE19D68FCB00AC2176 /* XCTest.framework in Frameworks */ = {isa = PBXBuildFile; fileRef = A16442AD19D68FCB00AC2176 /* XCTest.framework */; };
		A16442AF19D68FCB00AC2176 /* Foundation.framework in Frameworks */ = {isa = PBXBuildFile; fileRef = A164429419D68FCB00AC2176 /* Foundation.framework */; };
		A16442B019D68FCB00AC2176 /* UIKit.framework in Frameworks */ = {isa = PBXBuildFile; fileRef = A164429819D68FCB00AC2176 /* UIKit.framework */; };
		A16442B819D68FCB00AC2176 /* InfoPlist.strings in Resources */ = {isa = PBXBuildFile; fileRef = A16442B619D68FCB00AC2176 /* InfoPlist.strings */; };
		A16442BA19D68FCB00AC2176 /* QBaseNetworkTests.m in Sources */ = {isa = PBXBuildFile; fileRef = A16442B919D68FCB00AC2176 /* QBaseNetworkTests.m */; };
		A16442C919D68FFB00AC2176 /* QBaseNetworkObserver.m in Sources */ = {isa = PBXBuildFile; fileRef = A16442C819D68FFB00AC2176 /* QBaseNetworkObserver.m */; };
		A16442CD19D6978000AC2176 /* QBaseViewController.m in Sources */ = {isa = PBXBuildFile; fileRef = A16442CC19D6978000AC2176 /* QBaseViewController.m */; };
/* End PBXBuildFile section */

/* Begin PBXContainerItemProxy section */
		A16442B119D68FCB00AC2176 /* PBXContainerItemProxy */ = {
			isa = PBXContainerItemProxy;
			containerPortal = A164428919D68FCB00AC2176 /* Project object */;
			proxyType = 1;
			remoteGlobalIDString = A164429019D68FCB00AC2176;
			remoteInfo = QBaseNetwork;
		};
/* End PBXContainerItemProxy section */

/* Begin PBXFileReference section */
		A145CB3719E7D7D600BAEFDD /* Reachability.h */ = {isa = PBXFileReference; fileEncoding = 4; lastKnownFileType = sourcecode.c.h; path = Reachability.h; sourceTree = "<group>"; };
		A145CB3819E7D7D600BAEFDD /* Reachability.m */ = {isa = PBXFileReference; fileEncoding = 4; lastKnownFileType = sourcecode.c.objc; path = Reachability.m; sourceTree = "<group>"; };
		A164429119D68FCB00AC2176 /* QBaseNetwork.app */ = {isa = PBXFileReference; explicitFileType = wrapper.application; includeInIndex = 0; path = QBaseNetwork.app; sourceTree = BUILT_PRODUCTS_DIR; };
		A164429419D68FCB00AC2176 /* Foundation.framework */ = {isa = PBXFileReference; lastKnownFileType = wrapper.framework; name = Foundation.framework; path = System/Library/Frameworks/Foundation.framework; sourceTree = SDKROOT; };
		A164429619D68FCB00AC2176 /* CoreGraphics.framework */ = {isa = PBXFileReference; lastKnownFileType = wrapper.framework; name = CoreGraphics.framework; path = System/Library/Frameworks/CoreGraphics.framework; sourceTree = SDKROOT; };
		A164429819D68FCB00AC2176 /* UIKit.framework */ = {isa = PBXFileReference; lastKnownFileType = wrapper.framework; name = UIKit.framework; path = System/Library/Frameworks/UIKit.framework; sourceTree = SDKROOT; };
		A164429C19D68FCB00AC2176 /* QBaseNetwork-Info.plist */ = {isa = PBXFileReference; lastKnownFileType = text.plist.xml; path = "QBaseNetwork-Info.plist"; sourceTree = "<group>"; };
		A164429E19D68FCB00AC2176 /* en */ = {isa = PBXFileReference; lastKnownFileType = text.plist.strings; name = en; path = en.lproj/InfoPlist.strings; sourceTree = "<group>"; };
		A16442A019D68FCB00AC2176 /* main.m */ = {isa = PBXFileReference; lastKnownFileType = sourcecode.c.objc; path = main.m; sourceTree = "<group>"; };
		A16442A219D68FCB00AC2176 /* QBaseNetwork-Prefix.pch */ = {isa = PBXFileReference; lastKnownFileType = sourcecode.c.h; path = "QBaseNetwork-Prefix.pch"; sourceTree = "<group>"; };
		A16442A319D68FCB00AC2176 /* QBaseAppDelegate.h */ = {isa = PBXFileReference; lastKnownFileType = sourcecode.c.h; path = QBaseAppDelegate.h; sourceTree = "<group>"; };
		A16442A419D68FCB00AC2176 /* QBaseAppDelegate.m */ = {isa = PBXFileReference; lastKnownFileType = sourcecode.c.objc; path = QBaseAppDelegate.m; sourceTree = "<group>"; };
		A16442A619D68FCB00AC2176 /* Images.xcassets */ = {isa = PBXFileReference; lastKnownFileType = folder.assetcatalog; path = Images.xcassets; sourceTree = "<group>"; };
		A16442AC19D68FCB00AC2176 /* QBaseNetworkTests.xctest */ = {isa = PBXFileReference; explicitFileType = wrapper.cfbundle; includeInIndex = 0; path = QBaseNetworkTests.xctest; sourceTree = BUILT_PRODUCTS_DIR; };
		A16442AD19D68FCB00AC2176 /* XCTest.framework */ = {isa = PBXFileReference; lastKnownFileType = wrapper.framework; name = XCTest.framework; path = Library/Frameworks/XCTest.framework; sourceTree = DEVELOPER_DIR; };
		A16442B519D68FCB00AC2176 /* QBaseNetworkTests-Info.plist */ = {isa = PBXFileReference; lastKnownFileType = text.plist.xml; path = "QBaseNetworkTests-Info.plist"; sourceTree = "<group>"; };
		A16442B719D68FCB00AC2176 /* en */ = {isa = PBXFileReference; lastKnownFileType = text.plist.strings; name = en; path = en.lproj/InfoPlist.strings; sourceTree = "<group>"; };
		A16442B919D68FCB00AC2176 /* QBaseNetworkTests.m */ = {isa = PBXFileReference; lastKnownFileType = sourcecode.c.objc; path = QBaseNetworkTests.m; sourceTree = "<group>"; };
		A16442C719D68FFB00AC2176 /* QBaseNetworkObserver.h */ = {isa = PBXFileReference; fileEncoding = 4; lastKnownFileType = sourcecode.c.h; path = QBaseNetworkObserver.h; sourceTree = "<group>"; };
		A16442C819D68FFB00AC2176 /* QBaseNetworkObserver.m */ = {isa = PBXFileReference; fileEncoding = 4; lastKnownFileType = sourcecode.c.objc; path = QBaseNetworkObserver.m; sourceTree = "<group>"; };
		A16442CA19D6971500AC2176 /* QBasePrecompile.h */ = {isa = PBXFileReference; fileEncoding = 4; lastKnownFileType = sourcecode.c.h; path = QBasePrecompile.h; sourceTree = "<group>"; };
		A16442CB19D6978000AC2176 /* QBaseViewController.h */ = {isa = PBXFileReference; fileEncoding = 4; lastKnownFileType = sourcecode.c.h; path = QBaseViewController.h; sourceTree = "<group>"; };
		A16442CC19D6978000AC2176 /* QBaseViewController.m */ = {isa = PBXFileReference; fileEncoding = 4; lastKnownFileType = sourcecode.c.objc; path = QBaseViewController.m; sourceTree = "<group>"; };
/* End PBXFileReference section */

/* Begin PBXFrameworksBuildPhase section */
		A164428E19D68FCB00AC2176 /* Frameworks */ = {
			isa = PBXFrameworksBuildPhase;
			buildActionMask = 2147483647;
			files = (
				A164429719D68FCB00AC2176 /* CoreGraphics.framework in Frameworks */,
				A164429919D68FCB00AC2176 /* UIKit.framework in Frameworks */,
				A164429519D68FCB00AC2176 /* Foundation.framework in Frameworks */,
			);
			runOnlyForDeploymentPostprocessing = 0;
		};
		A16442A919D68FCB00AC2176 /* Frameworks */ = {
			isa = PBXFrameworksBuildPhase;
			buildActionMask = 2147483647;
			files = (
				A16442AE19D68FCB00AC2176 /* XCTest.framework in Frameworks */,
				A16442B019D68FCB00AC2176 /* UIKit.framework in Frameworks */,
				A16442AF19D68FCB00AC2176 /* Foundation.framework in Frameworks */,
			);
			runOnlyForDeploymentPostprocessing = 0;
		};
/* End PBXFrameworksBuildPhase section */

/* Begin PBXGroup section */
		A145CB3619E7D7D600BAEFDD /* lib */ = {
			isa = PBXGroup;
			children = (
				A145CB3719E7D7D600BAEFDD /* Reachability.h */,
				A145CB3819E7D7D600BAEFDD /* Reachability.m */,
			);
			name = lib;
			path = ../lib;
			sourceTree = "<group>";
		};
		A164428819D68FCB00AC2176 = {
			isa = PBXGroup;
			children = (
				A145CB3619E7D7D600BAEFDD /* lib */,
				A16442C619D68FFB00AC2176 /* src */,
				A164429A19D68FCB00AC2176 /* QBaseNetwork */,
				A16442B319D68FCB00AC2176 /* QBaseNetworkTests */,
				A164429319D68FCB00AC2176 /* Frameworks */,
				A164429219D68FCB00AC2176 /* Products */,
			);
			sourceTree = "<group>";
		};
		A164429219D68FCB00AC2176 /* Products */ = {
			isa = PBXGroup;
			children = (
				A164429119D68FCB00AC2176 /* QBaseNetwork.app */,
				A16442AC19D68FCB00AC2176 /* QBaseNetworkTests.xctest */,
			);
			name = Products;
			sourceTree = "<group>";
		};
		A164429319D68FCB00AC2176 /* Frameworks */ = {
			isa = PBXGroup;
			children = (
				A164429419D68FCB00AC2176 /* Foundation.framework */,
				A164429619D68FCB00AC2176 /* CoreGraphics.framework */,
				A164429819D68FCB00AC2176 /* UIKit.framework */,
				A16442AD19D68FCB00AC2176 /* XCTest.framework */,
			);
			name = Frameworks;
			sourceTree = "<group>";
		};
		A164429A19D68FCB00AC2176 /* QBaseNetwork */ = {
			isa = PBXGroup;
			children = (
				A16442A319D68FCB00AC2176 /* QBaseAppDelegate.h */,
				A16442A419D68FCB00AC2176 /* QBaseAppDelegate.m */,
				A16442CB19D6978000AC2176 /* QBaseViewController.h */,
				A16442CC19D6978000AC2176 /* QBaseViewController.m */,
				A16442CA19D6971500AC2176 /* QBasePrecompile.h */,
				A16442A619D68FCB00AC2176 /* Images.xcassets */,
				A164429B19D68FCB00AC2176 /* Supporting Files */,
			);
			path = QBaseNetwork;
			sourceTree = "<group>";
		};
		A164429B19D68FCB00AC2176 /* Supporting Files */ = {
			isa = PBXGroup;
			children = (
				A164429C19D68FCB00AC2176 /* QBaseNetwork-Info.plist */,
				A164429D19D68FCB00AC2176 /* InfoPlist.strings */,
				A16442A019D68FCB00AC2176 /* main.m */,
				A16442A219D68FCB00AC2176 /* QBaseNetwork-Prefix.pch */,
			);
			name = "Supporting Files";
			sourceTree = "<group>";
		};
		A16442B319D68FCB00AC2176 /* QBaseNetworkTests */ = {
			isa = PBXGroup;
			children = (
				A16442B919D68FCB00AC2176 /* QBaseNetworkTests.m */,
				A16442B419D68FCB00AC2176 /* Supporting Files */,
			);
			path = QBaseNetworkTests;
			sourceTree = "<group>";
		};
		A16442B419D68FCB00AC2176 /* Supporting Files */ = {
			isa = PBXGroup;
			children = (
				A16442B519D68FCB00AC2176 /* QBaseNetworkTests-Info.plist */,
				A16442B619D68FCB00AC2176 /* InfoPlist.strings */,
			);
			name = "Supporting Files";
			sourceTree = "<group>";
		};
		A16442C619D68FFB00AC2176 /* src */ = {
			isa = PBXGroup;
			children = (
				A16442C719D68FFB00AC2176 /* QBaseNetworkObserver.h */,
				A16442C819D68FFB00AC2176 /* QBaseNetworkObserver.m */,
			);
			name = src;
			path = ../src;
			sourceTree = "<group>";
		};
/* End PBXGroup section */

/* Begin PBXNativeTarget section */
		A164429019D68FCB00AC2176 /* QBaseNetwork */ = {
			isa = PBXNativeTarget;
			buildConfigurationList = A16442BD19D68FCB00AC2176 /* Build configuration list for PBXNativeTarget "QBaseNetwork" */;
			buildPhases = (
				A164428D19D68FCB00AC2176 /* Sources */,
				A164428E19D68FCB00AC2176 /* Frameworks */,
				A164428F19D68FCB00AC2176 /* Resources */,
			);
			buildRules = (
			);
			dependencies = (
			);
			name = QBaseNetwork;
			productName = QBaseNetwork;
			productReference = A164429119D68FCB00AC2176 /* QBaseNetwork.app */;
			productType = "com.apple.product-type.application";
		};
		A16442AB19D68FCB00AC2176 /* QBaseNetworkTests */ = {
			isa = PBXNativeTarget;
			buildConfigurationList = A16442C019D68FCB00AC2176 /* Build configuration list for PBXNativeTarget "QBaseNetworkTests" */;
			buildPhases = (
				A16442A819D68FCB00AC2176 /* Sources */,
				A16442A919D68FCB00AC2176 /* Frameworks */,
				A16442AA19D68FCB00AC2176 /* Resources */,
			);
			buildRules = (
			);
			dependencies = (
				A16442B219D68FCB00AC2176 /* PBXTargetDependency */,
			);
			name = QBaseNetworkTests;
			productName = QBaseNetworkTests;
			productReference = A16442AC19D68FCB00AC2176 /* QBaseNetworkTests.xctest */;
			productType = "com.apple.product-type.bundle.unit-test";
		};
/* End PBXNativeTarget section */

/* Begin PBXProject section */
		A164428919D68FCB00AC2176 /* Project object */ = {
			isa = PBXProject;
			attributes = {
				CLASSPREFIX = QBase;
				LastUpgradeCheck = 0510;
				ORGANIZATIONNAME = streakq;
				TargetAttributes = {
					A16442AB19D68FCB00AC2176 = {
						TestTargetID = A164429019D68FCB00AC2176;
					};
				};
			};
			buildConfigurationList = A164428C19D68FCB00AC2176 /* Build configuration list for PBXProject "QBaseNetwork" */;
			compatibilityVersion = "Xcode 3.2";
			developmentRegion = English;
			hasScannedForEncodings = 0;
			knownRegions = (
				en,
			);
			mainGroup = A164428819D68FCB00AC2176;
			productRefGroup = A164429219D68FCB00AC2176 /* Products */;
			projectDirPath = "";
			projectRoot = "";
			targets = (
				A164429019D68FCB00AC2176 /* QBaseNetwork */,
				A16442AB19D68FCB00AC2176 /* QBaseNetworkTests */,
			);
		};
/* End PBXProject section */

/* Begin PBXResourcesBuildPhase section */
		A164428F19D68FCB00AC2176 /* Resources */ = {
			isa = PBXResourcesBuildPhase;
			buildActionMask = 2147483647;
			files = (
				A164429F19D68FCB00AC2176 /* InfoPlist.strings in Resources */,
				A16442A719D68FCB00AC2176 /* Images.xcassets in Resources */,
			);
			runOnlyForDeploymentPostprocessing = 0;
		};
		A16442AA19D68FCB00AC2176 /* Resources */ = {
			isa = PBXResourcesBuildPhase;
			buildActionMask = 2147483647;
			files = (
				A16442B819D68FCB00AC2176 /* InfoPlist.strings in Resources */,
			);
			runOnlyForDeploymentPostprocessing = 0;
		};
/* End PBXResourcesBuildPhase section */

/* Begin PBXSourcesBuildPhase section */
		A164428D19D68FCB00AC2176 /* Sources */ = {
			isa = PBXSourcesBuildPhase;
			buildActionMask = 2147483647;
			files = (
				A16442A119D68FCB00AC2176 /* main.m in Sources */,
				A16442CD19D6978000AC2176 /* QBaseViewController.m in Sources */,
				A16442A519D68FCB00AC2176 /* QBaseAppDelegate.m in Sources */,
				A16442C919D68FFB00AC2176 /* QBaseNetworkObserver.m in Sources */,
				A145CB3919E7D7D600BAEFDD /* Reachability.m in Sources */,
			);
			runOnlyForDeploymentPostprocessing = 0;
		};
		A16442A819D68FCB00AC2176 /* Sources */ = {
			isa = PBXSourcesBuildPhase;
			buildActionMask = 2147483647;
			files = (
				A16442BA19D68FCB00AC2176 /* QBaseNetworkTests.m in Sources */,
			);
			runOnlyForDeploymentPostprocessing = 0;
		};
/* End PBXSourcesBuildPhase section */

/* Begin PBXTargetDependency section */
		A16442B219D68FCB00AC2176 /* PBXTargetDependency */ = {
			isa = PBXTargetDependency;
			target = A164429019D68FCB00AC2176 /* QBaseNetwork */;
			targetProxy = A16442B119D68FCB00AC2176 /* PBXContainerItemProxy */;
		};
/* End PBXTargetDependency section */

/* Begin PBXVariantGroup section */
		A164429D19D68FCB00AC2176 /* InfoPlist.strings */ = {
			isa = PBXVariantGroup;
			children = (
				A164429E19D68FCB00AC2176 /* en */,
			);
			name = InfoPlist.strings;
			sourceTree = "<group>";
		};
		A16442B619D68FCB00AC2176 /* InfoPlist.strings */ = {
			isa = PBXVariantGroup;
			children = (
				A16442B719D68FCB00AC2176 /* en */,
			);
			name = InfoPlist.strings;
			sourceTree = "<group>";
		};
/* End PBXVariantGroup section */

/* Begin XCBuildConfiguration section */
		A16442BB19D68FCB00AC2176 /* Debug */ = {
			isa = XCBuildConfiguration;
			buildSettings = {
				ALWAYS_SEARCH_USER_PATHS = NO;
				CLANG_CXX_LANGUAGE_STANDARD = "gnu++0x";
				CLANG_CXX_LIBRARY = "libc++";
				CLANG_ENABLE_MODULES = YES;
				CLANG_ENABLE_OBJC_ARC = YES;
				CLANG_WARN_BOOL_CONVERSION = YES;
				CLANG_WARN_CONSTANT_CONVERSION = YES;
				CLANG_WARN_DIRECT_OBJC_ISA_USAGE = YES_ERROR;
				CLANG_WARN_EMPTY_BODY = YES;
				CLANG_WARN_ENUM_CONVERSION = YES;
				CLANG_WARN_INT_CONVERSION = YES;
				CLANG_WARN_OBJC_ROOT_CLASS = YES_ERROR;
				CLANG_WARN__DUPLICATE_METHOD_MATCH = YES;
				"CODE_SIGN_IDENTITY[sdk=iphoneos*]" = "iPhone Developer";
				COPY_PHASE_STRIP = NO;
				GCC_C_LANGUAGE_STANDARD = gnu99;
				GCC_DYNAMIC_NO_PIC = NO;
				GCC_OPTIMIZATION_LEVEL = 0;
				GCC_PREPROCESSOR_DEFINITIONS = (
					"DEBUG=1",
					"$(inherited)",
				);
				GCC_SYMBOLS_PRIVATE_EXTERN = NO;
				GCC_WARN_64_TO_32_BIT_CONVERSION = YES;
				GCC_WARN_ABOUT_RETURN_TYPE = YES_ERROR;
				GCC_WARN_UNDECLARED_SELECTOR = YES;
				GCC_WARN_UNINITIALIZED_AUTOS = YES_AGGRESSIVE;
				GCC_WARN_UNUSED_FUNCTION = YES;
				GCC_WARN_UNUSED_VARIABLE = YES;
				IPHONEOS_DEPLOYMENT_TARGET = 7.1;
				ONLY_ACTIVE_ARCH = YES;
				SDKROOT = iphoneos;
				TARGETED_DEVICE_FAMILY = "1,2";
			};
			name = Debug;
		};
		A16442BC19D68FCB00AC2176 /* Release */ = {
			isa = XCBuildConfiguration;
			buildSettings = {
				ALWAYS_SEARCH_USER_PATHS = NO;
				CLANG_CXX_LANGUAGE_STANDARD = "gnu++0x";
				CLANG_CXX_LIBRARY = "libc++";
				CLANG_ENABLE_MODULES = YES;
				CLANG_ENABLE_OBJC_ARC = YES;
				CLANG_WARN_BOOL_CONVERSION = YES;
				CLANG_WARN_CONSTANT_CONVERSION = YES;
				CLANG_WARN_DIRECT_OBJC_ISA_USAGE = YES_ERROR;
				CLANG_WARN_EMPTY_BODY = YES;
				CLANG_WARN_ENUM_CONVERSION = YES;
				CLANG_WARN_INT_CONVERSION = YES;
				CLANG_WARN_OBJC_ROOT_CLASS = YES_ERROR;
				CLANG_WARN__DUPLICATE_METHOD_MATCH = YES;
				"CODE_SIGN_IDENTITY[sdk=iphoneos*]" = "iPhone Developer";
				COPY_PHASE_STRIP = YES;
				ENABLE_NS_ASSERTIONS = NO;
				GCC_C_LANGUAGE_STANDARD = gnu99;
				GCC_WARN_64_TO_32_BIT_CONVERSION = YES;
				GCC_WARN_ABOUT_RETURN_TYPE = YES_ERROR;
				GCC_WARN_UNDECLARED_SELECTOR = YES;
				GCC_WARN_UNINITIALIZED_AUTOS = YES_AGGRESSIVE;
				GCC_WARN_UNUSED_FUNCTION = YES;
				GCC_WARN_UNUSED_VARIABLE = YES;
				IPHONEOS_DEPLOYMENT_TARGET = 7.1;
				SDKROOT = iphoneos;
				TARGETED_DEVICE_FAMILY = "1,2";
				VALIDATE_PRODUCT = YES;
			};
			name = Release;
		};
		A16442BE19D68FCB00AC2176 /* Debug */ = {
			isa = XCBuildConfiguration;
			buildSettings = {
				ASSETCATALOG_COMPILER_APPICON_NAME = AppIcon;
				ASSETCATALOG_COMPILER_LAUNCHIMAGE_NAME = LaunchImage;
				CODE_SIGN_IDENTITY = "iPhone Developer: shilong sang (9T3353N28G)";
				GCC_PRECOMPILE_PREFIX_HEADER = YES;
				GCC_PREFIX_HEADER = "QBaseNetwork/QBaseNetwork-Prefix.pch";
				INFOPLIST_FILE = "QBaseNetwork/QBaseNetwork-Info.plist";
				PRODUCT_NAME = "$(TARGET_NAME)";
				PROVISIONING_PROFILE = "36B1DC77-1673-45DD-B99E-D1F6F3D5FAE5";
				WRAPPER_EXTENSION = app;
			};
			name = Debug;
		};
		A16442BF19D68FCB00AC2176 /* Release */ = {
			isa = XCBuildConfiguration;
			buildSettings = {
				ASSETCATALOG_COMPILER_APPICON_NAME = AppIcon;
				ASSETCATALOG_COMPILER_LAUNCHIMAGE_NAME = LaunchImage;
				CODE_SIGN_IDENTITY = "iPhone Developer: shilong sang (9T3353N28G)";
				GCC_PRECOMPILE_PREFIX_HEADER = YES;
				GCC_PREFIX_HEADER = "QBaseNetwork/QBaseNetwork-Prefix.pch";
				INFOPLIST_FILE = "QBaseNetwork/QBaseNetwork-Info.plist";
				PRODUCT_NAME = "$(TARGET_NAME)";
				PROVISIONING_PROFILE = "36B1DC77-1673-45DD-B99E-D1F6F3D5FAE5";
				WRAPPER_EXTENSION = app;
			};
			name = Release;
		};
		A16442C119D68FCB00AC2176 /* Debug */ = {
			isa = XCBuildConfiguration;
			buildSettings = {
				BUNDLE_LOADER = "$(BUILT_PRODUCTS_DIR)/QBaseNetwork.app/QBaseNetwork";
				FRAMEWORK_SEARCH_PATHS = (
					"$(SDKROOT)/Developer/Library/Frameworks",
					"$(inherited)",
					"$(DEVELOPER_FRAMEWORKS_DIR)",
				);
				GCC_PRECOMPILE_PREFIX_HEADER = YES;
				GCC_PREFIX_HEADER = "QBaseNetwork/QBaseNetwork-Prefix.pch";
				GCC_PREPROCESSOR_DEFINITIONS = (
					"DEBUG=1",
					"$(inherited)",
				);
				INFOPLIST_FILE = "QBaseNetworkTests/QBaseNetworkTests-Info.plist";
				PRODUCT_NAME = "$(TARGET_NAME)";
				TEST_HOST = "$(BUNDLE_LOADER)";
				WRAPPER_EXTENSION = xctest;
			};
			name = Debug;
		};
		A16442C219D68FCB00AC2176 /* Release */ = {
			isa = XCBuildConfiguration;
			buildSettings = {
				BUNDLE_LOADER = "$(BUILT_PRODUCTS_DIR)/QBaseNetwork.app/QBaseNetwork";
				FRAMEWORK_SEARCH_PATHS = (
					"$(SDKROOT)/Developer/Library/Frameworks",
					"$(inherited)",
					"$(DEVELOPER_FRAMEWORKS_DIR)",
				);
				GCC_PRECOMPILE_PREFIX_HEADER = YES;
				GCC_PREFIX_HEADER = "QBaseNetwork/QBaseNetwork-Prefix.pch";
				INFOPLIST_FILE = "QBaseNetworkTests/QBaseNetworkTests-Info.plist";
				PRODUCT_NAME = "$(TARGET_NAME)";
				TEST_HOST = "$(BUNDLE_LOADER)";
				WRAPPER_EXTENSION = xctest;
			};
			name = Release;
		};
/* End XCBuildConfiguration section */

/* Begin XCConfigurationList section */
		A164428C19D68FCB00AC2176 /* Build configuration list for PBXProject "QBaseNetwork" */ = {
			isa = XCConfigurationList;
			buildConfigurations = (
				A16442BB19D68FCB00AC2176 /* Debug */,
				A16442BC19D68FCB00AC2176 /* Release */,
			);
			defaultConfigurationIsVisible = 0;
			defaultConfigurationName = Release;
		};
		A16442BD19D68FCB00AC2176 /* Build configuration list for PBXNativeTarget "QBaseNetwork" */ = {
			isa = XCConfigurationList;
			buildConfigurations = (
				A16442BE19D68FCB00AC2176 /* Debug */,
				A16442BF19D68FCB00AC2176 /* Release */,
			);
			defaultConfigurationIsVisible = 0;
			defaultConfigurationName = Release;
		};
		A16442C019D68FCB00AC2176 /* Build configuration list for PBXNativeTarget "QBaseNetworkTests" */ = {
			isa = XCConfigurationList;
			buildConfigurations = (
				A16442C119D68FCB00AC2176 /* Debug */,
				A16442C219D68FCB00AC2176 /* Release */,
			);
			defaultConfigurationIsVisible = 0;
			defaultConfigurationName = Release;
		};
/* End XCConfigurationList section */
	};
	rootObject = A164428919D68FCB00AC2176 /* Project object */;
}
